schema: '2.0'
stages:
  prepare:
    cmd: python src/preprocessing.py
    deps:
    - path: data/happy/2015.csv
      hash: md5
      md5: abe720e54e39a61c7a8cbdd9b01edce8
      size: 16557
    - path: src/preprocessing.py
      hash: md5
      md5: 538eb993f4c1131b5900396e5a4de746
      size: 432
    outs:
    - path: data/happy/2015_preprocessed.csv
      hash: md5
      md5: 1e95c98e0d45023734a43d5f80bd21f1
      size: 15109
