schema: '2.0'
stages:
  prepare:
    cmd: python src/preprocessing.py
    deps:
    - path: data/happy/2015.csv
      hash: md5
      md5: abe720e54e39a61c7a8cbdd9b01edce8
      size: 16557
    - path: src/preprocessing.py
      hash: md5
      md5: ed2cbadc2b796a4aeb39d8813d81de14
      size: 1913
    outs:
    - path: data/happy/2015_preprocessed.csv
      hash: md5
      md5: 1aa65a9974752989f5bd702f670fdc42
      size: 37155
